
Microsoft Visual Studio Solution File, Format Version 12.00
# Visual Studio Version 17
VisualStudioVersion = 17.2.32630.192
MinimumVisualStudioVersion = 10.0.40219.1
Project("{FAE04EC0-301F-11D3-BF4B-00C04F79EFBC}") = "FactoryButtons", "FactoryButtons\FactoryButtons.csproj", "{42A8A7A0-55A9-47E8-A098-DCB27063CE77}"
EndProject
Global
	GlobalSection(SolutionConfigurationPlatforms) = preSolution
		Debug|Any CPU = Debug|Any CPU
		Release|Any CPU = Release|Any CPU
	EndGlobalSection
	GlobalSection(ProjectConfigurationPlatforms) = postSolution
		{42A8A7A0-55A9-47E8-A098-DCB27063CE77}.Debug|Any CPU.ActiveCfg = Debug|Any CPU
		{42A8A7A0-55A9-47E8-A098-DCB27063CE77}.Debug|Any CPU.Build.0 = Debug|Any CPU
		{42A8A7A0-55A9-47E8-A098-DCB27063CE77}.Release|Any CPU.ActiveCfg = Release|Any CPU
		{42A8A7A0-55A9-47E8-A098-DCB27063CE77}.Release|Any CPU.Build.0 = Release|Any CPU
	EndGlobalSection
	GlobalSection(SolutionProperties) = preSolution
		HideSolutionNode = FALSE
	EndGlobalSection
	GlobalSection(ExtensibilityGlobals) = postSolution
		SolutionGuid = {4BE35904-FAEF-4F4E-ACDB-EDD53DBA8277}
	EndGlobalSection
EndGlobal
