
Microsoft Visual Studio Solution File, Format Version 12.00
# Visual Studio Version 17
VisualStudioVersion = 17.2.32630.192
MinimumVisualStudioVersion = 10.0.40219.1
Project("{FAE04EC0-301F-11D3-BF4B-00C04F79EFBC}") = "ISP_LAboratorio1", "ISP_LAboratorio1\ISP_LAboratorio1.csproj", "{ECBCE5C3-7631-4D9E-B389-E9BFEA07D306}"
EndProject
Global
	GlobalSection(SolutionConfigurationPlatforms) = preSolution
		Debug|Any CPU = Debug|Any CPU
		Release|Any CPU = Release|Any CPU
	EndGlobalSection
	GlobalSection(ProjectConfigurationPlatforms) = postSolution
		{ECBCE5C3-7631-4D9E-B389-E9BFEA07D306}.Debug|Any CPU.ActiveCfg = Debug|Any CPU
		{ECBCE5C3-7631-4D9E-B389-E9BFEA07D306}.Debug|Any CPU.Build.0 = Debug|Any CPU
		{ECBCE5C3-7631-4D9E-B389-E9BFEA07D306}.Release|Any CPU.ActiveCfg = Release|Any CPU
		{ECBCE5C3-7631-4D9E-B389-E9BFEA07D306}.Release|Any CPU.Build.0 = Release|Any CPU
	EndGlobalSection
	GlobalSection(SolutionProperties) = preSolution
		HideSolutionNode = FALSE
	EndGlobalSection
	GlobalSection(ExtensibilityGlobals) = postSolution
		SolutionGuid = {ABC0D839-6E4B-406F-A4CE-7C3552949C26}
	EndGlobalSection
EndGlobal
