
Microsoft Visual Studio Solution File, Format Version 12.00
# Visual Studio Version 17
VisualStudioVersion = 17.2.32630.192
MinimumVisualStudioVersion = 10.0.40219.1
Project("{FAE04EC0-301F-11D3-BF4B-00C04F79EFBC}") = "PatronDiseñoFM1", "PatronDiseñoFM1\PatronDiseñoFM1.csproj", "{5B571EA8-9BDA-4D3A-B505-CBA484AA0433}"
EndProject
Global
	GlobalSection(SolutionConfigurationPlatforms) = preSolution
		Debug|Any CPU = Debug|Any CPU
		Release|Any CPU = Release|Any CPU
	EndGlobalSection
	GlobalSection(ProjectConfigurationPlatforms) = postSolution
		{5B571EA8-9BDA-4D3A-B505-CBA484AA0433}.Debug|Any CPU.ActiveCfg = Debug|Any CPU
		{5B571EA8-9BDA-4D3A-B505-CBA484AA0433}.Debug|Any CPU.Build.0 = Debug|Any CPU
		{5B571EA8-9BDA-4D3A-B505-CBA484AA0433}.Release|Any CPU.ActiveCfg = Release|Any CPU
		{5B571EA8-9BDA-4D3A-B505-CBA484AA0433}.Release|Any CPU.Build.0 = Release|Any CPU
	EndGlobalSection
	GlobalSection(SolutionProperties) = preSolution
		HideSolutionNode = FALSE
	EndGlobalSection
	GlobalSection(ExtensibilityGlobals) = postSolution
		SolutionGuid = {9F820C21-B88E-4EFD-B2A4-899396595216}
	EndGlobalSection
EndGlobal
